
Microsoft Visual Studio Solution File, Format Version 12.00
# Visual Studio Version 16
VisualStudioVersion = 16.0.28803.202
MinimumVisualStudioVersion = 10.0.40219.1
Project("{FAE04EC0-301F-11D3-BF4B-00C04F79EFBC}") = "desafio", "desafio\desafio.csproj", "{1525C223-D74E-420C-8D86-2B5A2E121242}"
EndProject
Project("{FAE04EC0-301F-11D3-BF4B-00C04F79EFBC}") = "UnitTests", "UnitTests\UnitTests.csproj", "{68A20736-3954-49B1-882F-92E7D8BC3047}"
EndProject
Global
	GlobalSection(SolutionConfigurationPlatforms) = preSolution
		Debug|Any CPU = Debug|Any CPU
		Release|Any CPU = Release|Any CPU
	EndGlobalSection
	GlobalSection(ProjectConfigurationPlatforms) = postSolution
		{1525C223-D74E-420C-8D86-2B5A2E121242}.Debug|Any CPU.ActiveCfg = Debug|Any CPU
		{1525C223-D74E-420C-8D86-2B5A2E121242}.Debug|Any CPU.Build.0 = Debug|Any CPU
		{1525C223-D74E-420C-8D86-2B5A2E121242}.Release|Any CPU.ActiveCfg = Release|Any CPU
		{1525C223-D74E-420C-8D86-2B5A2E121242}.Release|Any CPU.Build.0 = Release|Any CPU
		{68A20736-3954-49B1-882F-92E7D8BC3047}.Debug|Any CPU.ActiveCfg = Debug|Any CPU
		{68A20736-3954-49B1-882F-92E7D8BC3047}.Debug|Any CPU.Build.0 = Debug|Any CPU
		{68A20736-3954-49B1-882F-92E7D8BC3047}.Release|Any CPU.ActiveCfg = Release|Any CPU
		{68A20736-3954-49B1-882F-92E7D8BC3047}.Release|Any CPU.Build.0 = Release|Any CPU
	EndGlobalSection
	GlobalSection(SolutionProperties) = preSolution
		HideSolutionNode = FALSE
	EndGlobalSection
	GlobalSection(ExtensibilityGlobals) = postSolution
		SolutionGuid = {F9D90D28-578E-4745-94D0-2C5A7DF535B3}
	EndGlobalSection
EndGlobal
